
Microsoft Visual Studio Solution File, Format Version 12.00
# Visual Studio Version 17
VisualStudioVersion = 17.7.34009.444
MinimumVisualStudioVersion = 10.0.40219.1
Project("{FAE04EC0-301F-11D3-BF4B-00C04F79EFBC}") = "EasePassStorePluginOfficial", "EasePassStorePluginOfficial\EasePassStorePluginOfficial.csproj", "{EC87D9C3-81A5-46B0-BBF9-011565D7EBBB}"
EndProject
Global
	GlobalSection(SolutionConfigurationPlatforms) = preSolution
		Debug|Any CPU = Debug|Any CPU
		Release|Any CPU = Release|Any CPU
	EndGlobalSection
	GlobalSection(ProjectConfigurationPlatforms) = postSolution
		{EC87D9C3-81A5-46B0-BBF9-011565D7EBBB}.Debug|Any CPU.ActiveCfg = Debug|Any CPU
		{EC87D9C3-81A5-46B0-BBF9-011565D7EBBB}.Debug|Any CPU.Build.0 = Debug|Any CPU
		{EC87D9C3-81A5-46B0-BBF9-011565D7EBBB}.Release|Any CPU.ActiveCfg = Release|Any CPU
		{EC87D9C3-81A5-46B0-BBF9-011565D7EBBB}.Release|Any CPU.Build.0 = Release|Any CPU
	EndGlobalSection
	GlobalSection(SolutionProperties) = preSolution
		HideSolutionNode = FALSE
	EndGlobalSection
	GlobalSection(ExtensibilityGlobals) = postSolution
		SolutionGuid = {13CCBDD7-983E-470A-A95F-9FA2C22E32E7}
	EndGlobalSection
EndGlobal
